
Microsoft Visual Studio Solution File, Format Version 12.00
# Visual Studio Version 16
VisualStudioVersion = 16.0.31624.102
MinimumVisualStudioVersion = 10.0.40219.1
Project("{FAE04EC0-301F-11D3-BF4B-00C04F79EFBC}") = "Praktikum W04 S2", "Praktikum W04 S2\Praktikum W04 S2.csproj", "{F88A09ED-63E1-4B22-BB4F-D698C7199B2E}"
EndProject
Global
	GlobalSection(SolutionConfigurationPlatforms) = preSolution
		Debug|Any CPU = Debug|Any CPU
		Release|Any CPU = Release|Any CPU
	EndGlobalSection
	GlobalSection(ProjectConfigurationPlatforms) = postSolution
		{F88A09ED-63E1-4B22-BB4F-D698C7199B2E}.Debug|Any CPU.ActiveCfg = Debug|Any CPU
		{F88A09ED-63E1-4B22-BB4F-D698C7199B2E}.Debug|Any CPU.Build.0 = Debug|Any CPU
		{F88A09ED-63E1-4B22-BB4F-D698C7199B2E}.Release|Any CPU.ActiveCfg = Release|Any CPU
		{F88A09ED-63E1-4B22-BB4F-D698C7199B2E}.Release|Any CPU.Build.0 = Release|Any CPU
	EndGlobalSection
	GlobalSection(SolutionProperties) = preSolution
		HideSolutionNode = FALSE
	EndGlobalSection
	GlobalSection(ExtensibilityGlobals) = postSolution
		SolutionGuid = {B2A7EEF7-7797-4077-91E7-8578C670B88E}
	EndGlobalSection
EndGlobal
